
Microsoft Visual Studio Solution File, Format Version 12.00
# Visual Studio Version 16
VisualStudioVersion = 16.0.810.19
MinimumVisualStudioVersion = 10.0.40219.1
Project("{FAE04EC0-301F-11D3-BF4B-00C04F79EFBC}") = "ValidateStackSequences", "ValidateStackSequences\ValidateStackSequences.csproj", "{1B496983-549C-44E4-8385-02B62A3F537C}"
EndProject
Global
	GlobalSection(SolutionConfigurationPlatforms) = preSolution
		Debug|Any CPU = Debug|Any CPU
		Release|Any CPU = Release|Any CPU
	EndGlobalSection
	GlobalSection(ProjectConfigurationPlatforms) = postSolution
		{1B496983-549C-44E4-8385-02B62A3F537C}.Debug|Any CPU.ActiveCfg = Debug|Any CPU
		{1B496983-549C-44E4-8385-02B62A3F537C}.Debug|Any CPU.Build.0 = Debug|Any CPU
		{1B496983-549C-44E4-8385-02B62A3F537C}.Release|Any CPU.ActiveCfg = Release|Any CPU
		{1B496983-549C-44E4-8385-02B62A3F537C}.Release|Any CPU.Build.0 = Release|Any CPU
	EndGlobalSection
	GlobalSection(SolutionProperties) = preSolution
		HideSolutionNode = FALSE
	EndGlobalSection
	GlobalSection(ExtensibilityGlobals) = postSolution
		SolutionGuid = {14BA2182-2AAD-4109-AF9B-BF75316BA9C6}
	EndGlobalSection
EndGlobal
